
Microsoft Visual Studio Solution File, Format Version 12.00
# Visual Studio Version 16
VisualStudioVersion = 16.0.31205.134
MinimumVisualStudioVersion = 10.0.40219.1
Project("{FAE04EC0-301F-11D3-BF4B-00C04F79EFBC}") = "WindowsFormsAppX64", "WindowsFormsAppX64\WindowsFormsAppX64.csproj", "{F076B8D4-15F0-46FF-A2FD-C6F8BFFB0786}"
EndProject
Global
	GlobalSection(SolutionConfigurationPlatforms) = preSolution
		Debug|Any CPU = Debug|Any CPU
		Debug|x64 = Debug|x64
		Release|Any CPU = Release|Any CPU
		Release|x64 = Release|x64
	EndGlobalSection
	GlobalSection(ProjectConfigurationPlatforms) = postSolution
		{F076B8D4-15F0-46FF-A2FD-C6F8BFFB0786}.Debug|Any CPU.ActiveCfg = Debug|Any CPU
		{F076B8D4-15F0-46FF-A2FD-C6F8BFFB0786}.Debug|Any CPU.Build.0 = Debug|Any CPU
		{F076B8D4-15F0-46FF-A2FD-C6F8BFFB0786}.Debug|x64.ActiveCfg = Debug|x64
		{F076B8D4-15F0-46FF-A2FD-C6F8BFFB0786}.Debug|x64.Build.0 = Debug|x64
		{F076B8D4-15F0-46FF-A2FD-C6F8BFFB0786}.Release|Any CPU.ActiveCfg = Release|Any CPU
		{F076B8D4-15F0-46FF-A2FD-C6F8BFFB0786}.Release|Any CPU.Build.0 = Release|Any CPU
		{F076B8D4-15F0-46FF-A2FD-C6F8BFFB0786}.Release|x64.ActiveCfg = Release|x64
		{F076B8D4-15F0-46FF-A2FD-C6F8BFFB0786}.Release|x64.Build.0 = Release|x64
	EndGlobalSection
	GlobalSection(SolutionProperties) = preSolution
		HideSolutionNode = FALSE
	EndGlobalSection
	GlobalSection(ExtensibilityGlobals) = postSolution
		SolutionGuid = {13036C7D-94F2-4FB8-8CCA-24B770E8B443}
	EndGlobalSection
EndGlobal
